
Microsoft Visual Studio Solution File, Format Version 12.00
# Visual Studio Version 17
VisualStudioVersion = 17.0.31903.59
MinimumVisualStudioVersion = 10.0.40219.1
Project("{FAE04EC0-301F-11D3-BF4B-00C04F79EFBC}") = "API", "API\API.csproj", "{F077C766-957A-4B3E-BC37-131A67AED5ED}"
EndProject
Project("{FAE04EC0-301F-11D3-BF4B-00C04F79EFBC}") = "Domain", "Domain\Domain.csproj", "{667130A6-6B6D-4F53-80B0-9B4E6EE99BD7}"
EndProject
Project("{FAE04EC0-301F-11D3-BF4B-00C04F79EFBC}") = "Infra", "Infra\Infra.csproj", "{05AB42E7-DBAA-4774-9319-3CFB6AFEED3D}"
EndProject
Project("{FAE04EC0-301F-11D3-BF4B-00C04F79EFBC}") = "Application", "Application\Application.csproj", "{741270AE-B40A-4173-82CF-0C2A0FD51B43}"
EndProject
Global
	GlobalSection(SolutionConfigurationPlatforms) = preSolution
		Debug|Any CPU = Debug|Any CPU
		Debug|x64 = Debug|x64
		Debug|x86 = Debug|x86
		Release|Any CPU = Release|Any CPU
		Release|x64 = Release|x64
		Release|x86 = Release|x86
	EndGlobalSection
	GlobalSection(ProjectConfigurationPlatforms) = postSolution
		{F077C766-957A-4B3E-BC37-131A67AED5ED}.Debug|Any CPU.ActiveCfg = Debug|Any CPU
		{F077C766-957A-4B3E-BC37-131A67AED5ED}.Debug|Any CPU.Build.0 = Debug|Any CPU
		{F077C766-957A-4B3E-BC37-131A67AED5ED}.Debug|x64.ActiveCfg = Debug|Any CPU
		{F077C766-957A-4B3E-BC37-131A67AED5ED}.Debug|x64.Build.0 = Debug|Any CPU
		{F077C766-957A-4B3E-BC37-131A67AED5ED}.Debug|x86.ActiveCfg = Debug|Any CPU
		{F077C766-957A-4B3E-BC37-131A67AED5ED}.Debug|x86.Build.0 = Debug|Any CPU
		{F077C766-957A-4B3E-BC37-131A67AED5ED}.Release|Any CPU.ActiveCfg = Release|Any CPU
		{F077C766-957A-4B3E-BC37-131A67AED5ED}.Release|Any CPU.Build.0 = Release|Any CPU
		{F077C766-957A-4B3E-BC37-131A67AED5ED}.Release|x64.ActiveCfg = Release|Any CPU
		{F077C766-957A-4B3E-BC37-131A67AED5ED}.Release|x64.Build.0 = Release|Any CPU
		{F077C766-957A-4B3E-BC37-131A67AED5ED}.Release|x86.ActiveCfg = Release|Any CPU
		{F077C766-957A-4B3E-BC37-131A67AED5ED}.Release|x86.Build.0 = Release|Any CPU
		{667130A6-6B6D-4F53-80B0-9B4E6EE99BD7}.Debug|Any CPU.ActiveCfg = Debug|Any CPU
		{667130A6-6B6D-4F53-80B0-9B4E6EE99BD7}.Debug|Any CPU.Build.0 = Debug|Any CPU
		{667130A6-6B6D-4F53-80B0-9B4E6EE99BD7}.Debug|x64.ActiveCfg = Debug|Any CPU
		{667130A6-6B6D-4F53-80B0-9B4E6EE99BD7}.Debug|x64.Build.0 = Debug|Any CPU
		{667130A6-6B6D-4F53-80B0-9B4E6EE99BD7}.Debug|x86.ActiveCfg = Debug|Any CPU
		{667130A6-6B6D-4F53-80B0-9B4E6EE99BD7}.Debug|x86.Build.0 = Debug|Any CPU
		{667130A6-6B6D-4F53-80B0-9B4E6EE99BD7}.Release|Any CPU.ActiveCfg = Release|Any CPU
		{667130A6-6B6D-4F53-80B0-9B4E6EE99BD7}.Release|Any CPU.Build.0 = Release|Any CPU
		{667130A6-6B6D-4F53-80B0-9B4E6EE99BD7}.Release|x64.ActiveCfg = Release|Any CPU
		{667130A6-6B6D-4F53-80B0-9B4E6EE99BD7}.Release|x64.Build.0 = Release|Any CPU
		{667130A6-6B6D-4F53-80B0-9B4E6EE99BD7}.Release|x86.ActiveCfg = Release|Any CPU
		{667130A6-6B6D-4F53-80B0-9B4E6EE99BD7}.Release|x86.Build.0 = Release|Any CPU
		{05AB42E7-DBAA-4774-9319-3CFB6AFEED3D}.Debug|Any CPU.ActiveCfg = Debug|Any CPU
		{05AB42E7-DBAA-4774-9319-3CFB6AFEED3D}.Debug|Any CPU.Build.0 = Debug|Any CPU
		{05AB42E7-DBAA-4774-9319-3CFB6AFEED3D}.Debug|x64.ActiveCfg = Debug|Any CPU
		{05AB42E7-DBAA-4774-9319-3CFB6AFEED3D}.Debug|x64.Build.0 = Debug|Any CPU
		{05AB42E7-DBAA-4774-9319-3CFB6AFEED3D}.Debug|x86.ActiveCfg = Debug|Any CPU
		{05AB42E7-DBAA-4774-9319-3CFB6AFEED3D}.Debug|x86.Build.0 = Debug|Any CPU
		{05AB42E7-DBAA-4774-9319-3CFB6AFEED3D}.Release|Any CPU.ActiveCfg = Release|Any CPU
		{05AB42E7-DBAA-4774-9319-3CFB6AFEED3D}.Release|Any CPU.Build.0 = Release|Any CPU
		{05AB42E7-DBAA-4774-9319-3CFB6AFEED3D}.Release|x64.ActiveCfg = Release|Any CPU
		{05AB42E7-DBAA-4774-9319-3CFB6AFEED3D}.Release|x64.Build.0 = Release|Any CPU
		{05AB42E7-DBAA-4774-9319-3CFB6AFEED3D}.Release|x86.ActiveCfg = Release|Any CPU
		{05AB42E7-DBAA-4774-9319-3CFB6AFEED3D}.Release|x86.Build.0 = Release|Any CPU
		{741270AE-B40A-4173-82CF-0C2A0FD51B43}.Debug|Any CPU.ActiveCfg = Debug|Any CPU
		{741270AE-B40A-4173-82CF-0C2A0FD51B43}.Debug|Any CPU.Build.0 = Debug|Any CPU
		{741270AE-B40A-4173-82CF-0C2A0FD51B43}.Debug|x64.ActiveCfg = Debug|Any CPU
		{741270AE-B40A-4173-82CF-0C2A0FD51B43}.Debug|x64.Build.0 = Debug|Any CPU
		{741270AE-B40A-4173-82CF-0C2A0FD51B43}.Debug|x86.ActiveCfg = Debug|Any CPU
		{741270AE-B40A-4173-82CF-0C2A0FD51B43}.Debug|x86.Build.0 = Debug|Any CPU
		{741270AE-B40A-4173-82CF-0C2A0FD51B43}.Release|Any CPU.ActiveCfg = Release|Any CPU
		{741270AE-B40A-4173-82CF-0C2A0FD51B43}.Release|Any CPU.Build.0 = Release|Any CPU
		{741270AE-B40A-4173-82CF-0C2A0FD51B43}.Release|x64.ActiveCfg = Release|Any CPU
		{741270AE-B40A-4173-82CF-0C2A0FD51B43}.Release|x64.Build.0 = Release|Any CPU
		{741270AE-B40A-4173-82CF-0C2A0FD51B43}.Release|x86.ActiveCfg = Release|Any CPU
		{741270AE-B40A-4173-82CF-0C2A0FD51B43}.Release|x86.Build.0 = Release|Any CPU
	EndGlobalSection
	GlobalSection(SolutionProperties) = preSolution
		HideSolutionNode = FALSE
	EndGlobalSection
EndGlobal
